{
  "name": "kcadmin-cli",
  "version": "0.1.0",
  "lockfileVersion": 3,
  "requires": true,
  "packages": {
    "": {
      "name": "kcadmin-cli",
      "version": "0.1.0",
      "license": "MIT",
      "bin": {
        "kcadmin": "bin/kcadmin.js"
      },
      "engines": {
        "node": ">=20.0.0"
      }
    }
  }
}
